// !$*UTF8*$!
{
	archiveVersion = 1;
	classes = {
	};
	objectVersion = 50;
	objects = {

/* Begin PBXBuildFile section */
		522A81FA251DDE5B0087BEE4 /* AppDelegate.swift in Sources */ = {isa = PBXBuildFile; fileRef = 522A81F9251DDE5B0087BEE4 /* AppDelegate.swift */; };
		522A81FC251DDE5B0087BEE4 /* SceneDelegate.swift in Sources */ = {isa = PBXBuildFile; fileRef = 522A81FB251DDE5B0087BEE4 /* SceneDelegate.swift */; };
		522A8201251DDE5B0087BEE4 /* Main.storyboard in Resources */ = {isa = PBXBuildFile; fileRef = 522A81FF251DDE5B0087BEE4 /* Main.storyboard */; };
		522A8203251DDE5D0087BEE4 /* Assets.xcassets in Resources */ = {isa = PBXBuildFile; fileRef = 522A8202251DDE5D0087BEE4 /* Assets.xcassets */; };
		522A8206251DDE5D0087BEE4 /* LaunchScreen.storyboard in Resources */ = {isa = PBXBuildFile; fileRef = 522A8204251DDE5D0087BEE4 /* LaunchScreen.storyboard */; };
		522A8211251DDE5E0087BEE4 /* FlixTests.swift in Sources */ = {isa = PBXBuildFile; fileRef = 522A8210251DDE5E0087BEE4 /* FlixTests.swift */; };
		522A821C251DDE5E0087BEE4 /* FlixUITests.swift in Sources */ = {isa = PBXBuildFile; fileRef = 522A821B251DDE5E0087BEE4 /* FlixUITests.swift */; };
		522A8230251DE1360087BEE4 /* MoviesViewController.swift in Sources */ = {isa = PBXBuildFile; fileRef = 522A822F251DE1360087BEE4 /* MoviesViewController.swift */; };
		52A20CA12520846800ABCA0A /* MovieCell.swift in Sources */ = {isa = PBXBuildFile; fileRef = 52A20CA02520846800ABCA0A /* MovieCell.swift */; };
/* End PBXBuildFile section */

/* Begin PBXContainerItemProxy section */
		522A820D251DDE5E0087BEE4 /* PBXContainerItemProxy */ = {
			isa = PBXContainerItemProxy;
			containerPortal = 522A81EE251DDE5A0087BEE4 /* Project object */;
			proxyType = 1;
			remoteGlobalIDString = 522A81F5251DDE5B0087BEE4;
			remoteInfo = Flix;
		};
		522A8218251DDE5E0087BEE4 /* PBXContainerItemProxy */ = {
			isa = PBXContainerItemProxy;
			containerPortal = 522A81EE251DDE5A0087BEE4 /* Project object */;
			proxyType = 1;
			remoteGlobalIDString = 522A81F5251DDE5B0087BEE4;
			remoteInfo = Flix;
		};
/* End PBXContainerItemProxy section */

/* Begin PBXFileReference section */
		522A81F6251DDE5B0087BEE4 /* Flix.app */ = {isa = PBXFileReference; explicitFileType = wrapper.application; includeInIndex = 0; path = Flix.app; sourceTree = BUILT_PRODUCTS_DIR; };
		522A81F9251DDE5B0087BEE4 /* AppDelegate.swift */ = {isa = PBXFileReference; lastKnownFileType = sourcecode.swift; path = AppDelegate.swift; sourceTree = "<group>"; };
		522A81FB251DDE5B0087BEE4 /* SceneDelegate.swift */ = {isa = PBXFileReference; lastKnownFileType = sourcecode.swift; path = SceneDelegate.swift; sourceTree = "<group>"; };
		522A8200251DDE5B0087BEE4 /* Base */ = {isa = PBXFileReference; lastKnownFileType = file.storyboard; name = Base; path = Base.lproj/Main.storyboard; sourceTree = "<group>"; };
		522A8202251DDE5D0087BEE4 /* Assets.xcassets */ = {isa = PBXFileReference; lastKnownFileType = folder.assetcatalog; path = Assets.xcassets; sourceTree = "<group>"; };
		522A8205251DDE5D0087BEE4 /* Base */ = {isa = PBXFileReference; lastKnownFileType = file.storyboard; name = Base; path = Base.lproj/LaunchScreen.storyboard; sourceTree = "<group>"; };
		522A8207251DDE5D0087BEE4 /* Info.plist */ = {isa = PBXFileReference; lastKnownFileType = text.plist.xml; path = Info.plist; sourceTree = "<group>"; };
		522A820C251DDE5E0087BEE4 /* FlixTests.xctest */ = {isa = PBXFileReference; explicitFileType = wrapper.cfbundle; includeInIndex = 0; path = FlixTests.xctest; sourceTree = BUILT_PRODUCTS_DIR; };
		522A8210251DDE5E0087BEE4 /* FlixTests.swift */ = {isa = PBXFileReference; lastKnownFileType = sourcecode.swift; path = FlixTests.swift; sourceTree = "<group>"; };
		522A8212251DDE5E0087BEE4 /* Info.plist */ = {isa = PBXFileReference; lastKnownFileType = text.plist.xml; path = Info.plist; sourceTree = "<group>"; };
		522A8217251DDE5E0087BEE4 /* FlixUITests.xctest */ = {isa = PBXFileReference; explicitFileType = wrapper.cfbundle; includeInIndex = 0; path = FlixUITests.xctest; sourceTree = BUILT_PRODUCTS_DIR; };
		522A821B251DDE5E0087BEE4 /* FlixUITests.swift */ = {isa = PBXFileReference; lastKnownFileType = sourcecode.swift; path = FlixUITests.swift; sourceTree = "<group>"; };
		522A821D251DDE5E0087BEE4 /* Info.plist */ = {isa = PBXFileReference; lastKnownFileType = text.plist.xml; path = Info.plist; sourceTree = "<group>"; };
		522A822F251DE1360087BEE4 /* MoviesViewController.swift */ = {isa = PBXFileReference; lastKnownFileType = sourcecode.swift; path = MoviesViewController.swift; sourceTree = "<group>"; };
		52A20CA02520846800ABCA0A /* MovieCell.swift */ = {isa = PBXFileReference; lastKnownFileType = sourcecode.swift; path = MovieCell.swift; sourceTree = "<group>"; };
/* End PBXFileReference section */

/* Begin PBXFrameworksBuildPhase section */
		522A81F3251DDE5B0087BEE4 /* Frameworks */ = {
			isa = PBXFrameworksBuildPhase;
			buildActionMask = 2147483647;
			files = (
			);
			runOnlyForDeploymentPostprocessing = 0;
		};
		522A8209251DDE5E0087BEE4 /* Frameworks */ = {
			isa = PBXFrameworksBuildPhase;
			buildActionMask = 2147483647;
			files = (
			);
			runOnlyForDeploymentPostprocessing = 0;
		};
		522A8214251DDE5E0087BEE4 /* Frameworks */ = {
			isa = PBXFrameworksBuildPhase;
			buildActionMask = 2147483647;
			files = (
			);
			runOnlyForDeploymentPostprocessing = 0;
		};
/* End PBXFrameworksBuildPhase section */

/* Begin PBXGroup section */
		522A81ED251DDE5A0087BEE4 = {
			isa = PBXGroup;
			children = (
				522A81F8251DDE5B0087BEE4 /* Flix */,
				522A820F251DDE5E0087BEE4 /* FlixTests */,
				522A821A251DDE5E0087BEE4 /* FlixUITests */,
				522A81F7251DDE5B0087BEE4 /* Products */,
			);
			sourceTree = "<group>";
		};
		522A81F7251DDE5B0087BEE4 /* Products */ = {
			isa = PBXGroup;
			children = (
				522A81F6251DDE5B0087BEE4 /* Flix.app */,
				522A820C251DDE5E0087BEE4 /* FlixTests.xctest */,
				522A8217251DDE5E0087BEE4 /* FlixUITests.xctest */,
			);
			name = Products;
			sourceTree = "<group>";
		};
		522A81F8251DDE5B0087BEE4 /* Flix */ = {
			isa = PBXGroup;
			children = (
				522A81F9251DDE5B0087BEE4 /* AppDelegate.swift */,
				522A81FB251DDE5B0087BEE4 /* SceneDelegate.swift */,
				522A822F251DE1360087BEE4 /* MoviesViewController.swift */,
				522A81FF251DDE5B0087BEE4 /* Main.storyboard */,
				52A20CA02520846800ABCA0A /* MovieCell.swift */,
				522A8202251DDE5D0087BEE4 /* Assets.xcassets */,
				522A8204251DDE5D0087BEE4 /* LaunchScreen.storyboard */,
				522A8207251DDE5D0087BEE4 /* Info.plist */,
			);
			path = Flix;
			sourceTree = "<group>";
		};
		522A820F251DDE5E0087BEE4 /* FlixTests */ = {
			isa = PBXGroup;
			children = (
				522A8210251DDE5E0087BEE4 /* FlixTests.swift */,
				522A8212251DDE5E0087BEE4 /* Info.plist */,
			);
			path = FlixTests;
			sourceTree = "<group>";
		};
		522A821A251DDE5E0087BEE4 /* FlixUITests */ = {
			isa = PBXGroup;
			children = (
				522A821B251DDE5E0087BEE4 /* FlixUITests.swift */,
				522A821D251DDE5E0087BEE4 /* Info.plist */,
			);
			path = FlixUITests;
			sourceTree = "<group>";
		};
/* End PBXGroup section */

/* Begin PBXNativeTarget section */
		522A81F5251DDE5B0087BEE4 /* Flix */ = {
			isa = PBXNativeTarget;
			buildConfigurationList = 522A8220251DDE5E0087BEE4 /* Build configuration list for PBXNativeTarget "Flix" */;
			buildPhases = (
				522A81F2251DDE5B0087BEE4 /* Sources */,
				522A81F3251DDE5B0087BEE4 /* Frameworks */,
				522A81F4251DDE5B0087BEE4 /* Resources */,
			);
			buildRules = (
			);
			dependencies = (
			);
			name = Flix;
			productName = Flix;
			productReference = 522A81F6251DDE5B0087BEE4 /* Flix.app */;
			productType = "com.apple.product-type.application";
		};
		522A820B251DDE5E0087BEE4 /* FlixTests */ = {
			isa = PBXNativeTarget;
			buildConfigurationList = 522A8223251DDE5E0087BEE4 /* Build configuration list for PBXNativeTarget "FlixTests" */;
			buildPhases = (
				522A8208251DDE5E0087BEE4 /* Sources */,
				522A8209251DDE5E0087BEE4 /* Frameworks */,
				522A820A251DDE5E0087BEE4 /* Resources */,
			);
			buildRules = (
			);
			dependencies = (
				522A820E251DDE5E0087BEE4 /* PBXTargetDependency */,
			);
			name = FlixTests;
			productName = FlixTests;
			productReference = 522A820C251DDE5E0087BEE4 /* FlixTests.xctest */;
			productType = "com.apple.product-type.bundle.unit-test";
		};
		522A8216251DDE5E0087BEE4 /* FlixUITests */ = {
			isa = PBXNativeTarget;
			buildConfigurationList = 522A8226251DDE5E0087BEE4 /* Build configuration list for PBXNativeTarget "FlixUITests" */;
			buildPhases = (
				522A8213251DDE5E0087BEE4 /* Sources */,
				522A8214251DDE5E0087BEE4 /* Frameworks */,
				522A8215251DDE5E0087BEE4 /* Resources */,
			);
			buildRules = (
			);
			dependencies = (
				522A8219251DDE5E0087BEE4 /* PBXTargetDependency */,
			);
			name = FlixUITests;
			productName = FlixUITests;
			productReference = 522A8217251DDE5E0087BEE4 /* FlixUITests.xctest */;
			productType = "com.apple.product-type.bundle.ui-testing";
		};
/* End PBXNativeTarget section */

/* Begin PBXProject section */
		522A81EE251DDE5A0087BEE4 /* Project object */ = {
			isa = PBXProject;
			attributes = {
				LastSwiftUpdateCheck = 1200;
				LastUpgradeCheck = 1200;
				TargetAttributes = {
					522A81F5251DDE5B0087BEE4 = {
						CreatedOnToolsVersion = 12.0;
					};
					522A820B251DDE5E0087BEE4 = {
						CreatedOnToolsVersion = 12.0;
						TestTargetID = 522A81F5251DDE5B0087BEE4;
					};
					522A8216251DDE5E0087BEE4 = {
						CreatedOnToolsVersion = 12.0;
						TestTargetID = 522A81F5251DDE5B0087BEE4;
					};
				};
			};
			buildConfigurationList = 522A81F1251DDE5A0087BEE4 /* Build configuration list for PBXProject "Flix" */;
			compatibilityVersion = "Xcode 9.3";
			developmentRegion = en;
			hasScannedForEncodings = 0;
			knownRegions = (
				en,
				Base,
			);
			mainGroup = 522A81ED251DDE5A0087BEE4;
			productRefGroup = 522A81F7251DDE5B0087BEE4 /* Products */;
			projectDirPath = "";
			projectRoot = "";
			targets = (
				522A81F5251DDE5B0087BEE4 /* Flix */,
				522A820B251DDE5E0087BEE4 /* FlixTests */,
				522A8216251DDE5E0087BEE4 /* FlixUITests */,
			);
		};
/* End PBXProject section */

/* Begin PBXResourcesBuildPhase section */
		522A81F4251DDE5B0087BEE4 /* Resources */ = {
			isa = PBXResourcesBuildPhase;
			buildActionMask = 2147483647;
			files = (
				522A8206251DDE5D0087BEE4 /* LaunchScreen.storyboard in Resources */,
				522A8203251DDE5D0087BEE4 /* Assets.xcassets in Resources */,
				522A8201251DDE5B0087BEE4 /* Main.storyboard in Resources */,
			);
			runOnlyForDeploymentPostprocessing = 0;
		};
		522A820A251DDE5E0087BEE4 /* Resources */ = {
			isa = PBXResourcesBuildPhase;
			buildActionMask = 2147483647;
			files = (
			);
			runOnlyForDeploymentPostprocessing = 0;
		};
		522A8215251DDE5E0087BEE4 /* Resources */ = {
			isa = PBXResourcesBuildPhase;
			buildActionMask = 2147483647;
			files = (
			);
			runOnlyForDeploymentPostprocessing = 0;
		};
/* End PBXResourcesBuildPhase section */

/* Begin PBXSourcesBuildPhase section */
		522A81F2251DDE5B0087BEE4 /* Sources */ = {
			isa = PBXSourcesBuildPhase;
			buildActionMask = 2147483647;
			files = (
				522A81FA251DDE5B0087BEE4 /* AppDelegate.swift in Sources */,
				522A81FC251DDE5B0087BEE4 /* SceneDelegate.swift in Sources */,
				52A20CA12520846800ABCA0A /* MovieCell.swift in Sources */,
				522A8230251DE1360087BEE4 /* MoviesViewController.swift in Sources */,
			);
			runOnlyForDeploymentPostprocessing = 0;
		};
		522A8208251DDE5E0087BEE4 /* Sources */ = {
			isa = PBXSourcesBuildPhase;
			buildActionMask = 2147483647;
			files = (
				522A8211251DDE5E0087BEE4 /* FlixTests.swift in Sources */,
			);
			runOnlyForDeploymentPostprocessing = 0;
		};
		522A8213251DDE5E0087BEE4 /* Sources */ = {
			isa = PBXSourcesBuildPhase;
			buildActionMask = 2147483647;
			files = (
				522A821C251DDE5E0087BEE4 /* FlixUITests.swift in Sources */,
			);
			runOnlyForDeploymentPostprocessing = 0;
		};
/* End PBXSourcesBuildPhase section */

/* Begin PBXTargetDependency section */
		522A820E251DDE5E0087BEE4 /* PBXTargetDependency */ = {
			isa = PBXTargetDependency;
			target = 522A81F5251DDE5B0087BEE4 /* Flix */;
			targetProxy = 522A820D251DDE5E0087BEE4 /* PBXContainerItemProxy */;
		};
		522A8219251DDE5E0087BEE4 /* PBXTargetDependency */ = {
			isa = PBXTargetDependency;
			target = 522A81F5251DDE5B0087BEE4 /* Flix */;
			targetProxy = 522A8218251DDE5E0087BEE4 /* PBXContainerItemProxy */;
		};
/* End PBXTargetDependency section */

/* Begin PBXVariantGroup section */
		522A81FF251DDE5B0087BEE4 /* Main.storyboard */ = {
			isa = PBXVariantGroup;
			children = (
				522A8200251DDE5B0087BEE4 /* Base */,
			);
			name = Main.storyboard;
			sourceTree = "<group>";
		};
		522A8204251DDE5D0087BEE4 /* LaunchScreen.storyboard */ = {
			isa = PBXVariantGroup;
			children = (
				522A8205251DDE5D0087BEE4 /* Base */,
			);
			name = LaunchScreen.storyboard;
			sourceTree = "<group>";
		};
/* End PBXVariantGroup section */

/* Begin XCBuildConfiguration section */
		522A821E251DDE5E0087BEE4 /* Debug */ = {
			isa = XCBuildConfiguration;
			buildSettings = {
				ALWAYS_SEARCH_USER_PATHS = NO;
				CLANG_ANALYZER_NONNULL = YES;
				CLANG_ANALYZER_NUMBER_OBJECT_CONVERSION = YES_AGGRESSIVE;
				CLANG_CXX_LANGUAGE_STANDARD = "gnu++14";
				CLANG_CXX_LIBRARY = "libc++";
				CLANG_ENABLE_MODULES = YES;
				CLANG_ENABLE_OBJC_ARC = YES;
				CLANG_ENABLE_OBJC_WEAK = YES;
				CLANG_WARN_BLOCK_CAPTURE_AUTORELEASING = YES;
				CLANG_WARN_BOOL_CONVERSION = YES;
				CLANG_WARN_COMMA = YES;
				CLANG_WARN_CONSTANT_CONVERSION = YES;
				CLANG_WARN_DEPRECATED_OBJC_IMPLEMENTATIONS = YES;
				CLANG_WARN_DIRECT_OBJC_ISA_USAGE = YES_ERROR;
				CLANG_WARN_DOCUMENTATION_COMMENTS = YES;
				CLANG_WARN_EMPTY_BODY = YES;
				CLANG_WARN_ENUM_CONVERSION = YES;
				CLANG_WARN_INFINITE_RECURSION = YES;
				CLANG_WARN_INT_CONVERSION = YES;
				CLANG_WARN_NON_LITERAL_NULL_CONVERSION = YES;
				CLANG_WARN_OBJC_IMPLICIT_RETAIN_SELF = YES;
				CLANG_WARN_OBJC_LITERAL_CONVERSION = YES;
				CLANG_WARN_OBJC_ROOT_CLASS = YES_ERROR;
				CLANG_WARN_QUOTED_INCLUDE_IN_FRAMEWORK_HEADER = YES;
				CLANG_WARN_RANGE_LOOP_ANALYSIS = YES;
				CLANG_WARN_STRICT_PROTOTYPES = YES;
				CLANG_WARN_SUSPICIOUS_MOVE = YES;
				CLANG_WARN_UNGUARDED_AVAILABILITY = YES_AGGRESSIVE;
				CLANG_WARN_UNREACHABLE_CODE = YES;
				CLANG_WARN__DUPLICATE_METHOD_MATCH = YES;
				COPY_PHASE_STRIP = NO;
				DEBUG_INFORMATION_FORMAT = dwarf;
				ENABLE_STRICT_OBJC_MSGSEND = YES;
				ENABLE_TESTABILITY = YES;
				GCC_C_LANGUAGE_STANDARD = gnu11;
				GCC_DYNAMIC_NO_PIC = NO;
				GCC_NO_COMMON_BLOCKS = YES;
				GCC_OPTIMIZATION_LEVEL = 0;
				GCC_PREPROCESSOR_DEFINITIONS = (
					"DEBUG=1",
					"$(inherited)",
				);
				GCC_WARN_64_TO_32_BIT_CONVERSION = YES;
				GCC_WARN_ABOUT_RETURN_TYPE = YES_ERROR;
				GCC_WARN_UNDECLARED_SELECTOR = YES;
				GCC_WARN_UNINITIALIZED_AUTOS = YES_AGGRESSIVE;
				GCC_WARN_UNUSED_FUNCTION = YES;
				GCC_WARN_UNUSED_VARIABLE = YES;
				IPHONEOS_DEPLOYMENT_TARGET = 14.0;
				MTL_ENABLE_DEBUG_INFO = INCLUDE_SOURCE;
				MTL_FAST_MATH = YES;
				ONLY_ACTIVE_ARCH = YES;
				SDKROOT = iphoneos;
				SWIFT_ACTIVE_COMPILATION_CONDITIONS = DEBUG;
				SWIFT_OPTIMIZATION_LEVEL = "-Onone";
			};
			name = Debug;
		};
		522A821F251DDE5E0087BEE4 /* Release */ = {
			isa = XCBuildConfiguration;
			buildSettings = {
				ALWAYS_SEARCH_USER_PATHS = NO;
				CLANG_ANALYZER_NONNULL = YES;
				CLANG_ANALYZER_NUMBER_OBJECT_CONVERSION = YES_AGGRESSIVE;
				CLANG_CXX_LANGUAGE_STANDARD = "gnu++14";
				CLANG_CXX_LIBRARY = "libc++";
				CLANG_ENABLE_MODULES = YES;
				CLANG_ENABLE_OBJC_ARC = YES;
				CLANG_ENABLE_OBJC_WEAK = YES;
				CLANG_WARN_BLOCK_CAPTURE_AUTORELEASING = YES;
				CLANG_WARN_BOOL_CONVERSION = YES;
				CLANG_WARN_COMMA = YES;
				CLANG_WARN_CONSTANT_CONVERSION = YES;
				CLANG_WARN_DEPRECATED_OBJC_IMPLEMENTATIONS = YES;
				CLANG_WARN_DIRECT_OBJC_ISA_USAGE = YES_ERROR;
				CLANG_WARN_DOCUMENTATION_COMMENTS = YES;
				CLANG_WARN_EMPTY_BODY = YES;
				CLANG_WARN_ENUM_CONVERSION = YES;
				CLANG_WARN_INFINITE_RECURSION = YES;
				CLANG_WARN_INT_CONVERSION = YES;
				CLANG_WARN_NON_LITERAL_NULL_CONVERSION = YES;
				CLANG_WARN_OBJC_IMPLICIT_RETAIN_SELF = YES;
				CLANG_WARN_OBJC_LITERAL_CONVERSION = YES;
				CLANG_WARN_OBJC_ROOT_CLASS = YES_ERROR;
				CLANG_WARN_QUOTED_INCLUDE_IN_FRAMEWORK_HEADER = YES;
				CLANG_WARN_RANGE_LOOP_ANALYSIS = YES;
				CLANG_WARN_STRICT_PROTOTYPES = YES;
				CLANG_WARN_SUSPICIOUS_MOVE = YES;
				CLANG_WARN_UNGUARDED_AVAILABILITY = YES_AGGRESSIVE;
				CLANG_WARN_UNREACHABLE_CODE = YES;
				CLANG_WARN__DUPLICATE_METHOD_MATCH = YES;
				COPY_PHASE_STRIP = NO;
				DEBUG_INFORMATION_FORMAT = "dwarf-with-dsym";
				ENABLE_NS_ASSERTIONS = NO;
				ENABLE_STRICT_OBJC_MSGSEND = YES;
				GCC_C_LANGUAGE_STANDARD = gnu11;
				GCC_NO_COMMON_BLOCKS = YES;
				GCC_WARN_64_TO_32_BIT_CONVERSION = YES;
				GCC_WARN_ABOUT_RETURN_TYPE = YES_ERROR;
				GCC_WARN_UNDECLARED_SELECTOR = YES;
				GCC_WARN_UNINITIALIZED_AUTOS = YES_AGGRESSIVE;
				GCC_WARN_UNUSED_FUNCTION = YES;
				GCC_WARN_UNUSED_VARIABLE = YES;
				IPHONEOS_DEPLOYMENT_TARGET = 14.0;
				MTL_ENABLE_DEBUG_INFO = NO;
				MTL_FAST_MATH = YES;
				SDKROOT = iphoneos;
				SWIFT_COMPILATION_MODE = wholemodule;
				SWIFT_OPTIMIZATION_LEVEL = "-O";
				VALIDATE_PRODUCT = YES;
			};
			name = Release;
		};
		522A8221251DDE5E0087BEE4 /* Debug */ = {
			isa = XCBuildConfiguration;
			buildSettings = {
				ASSETCATALOG_COMPILER_APPICON_NAME = AppIcon;
				ASSETCATALOG_COMPILER_GLOBAL_ACCENT_COLOR_NAME = AccentColor;
				CODE_SIGN_STYLE = Automatic;
				DEVELOPMENT_TEAM = 4GAM7Z3CPE;
				INFOPLIST_FILE = Flix/Info.plist;
				LD_RUNPATH_SEARCH_PATHS = (
					"$(inherited)",
					"@executable_path/Frameworks",
				);
				PRODUCT_BUNDLE_IDENTIFIER = com.codepath.Flix;
				PRODUCT_NAME = "$(TARGET_NAME)";
				SWIFT_VERSION = 5.0;
				TARGETED_DEVICE_FAMILY = "1,2";
			};
			name = Debug;
		};
		522A8222251DDE5E0087BEE4 /* Release */ = {
			isa = XCBuildConfiguration;
			buildSettings = {
				ASSETCATALOG_COMPILER_APPICON_NAME = AppIcon;
				ASSETCATALOG_COMPILER_GLOBAL_ACCENT_COLOR_NAME = AccentColor;
				CODE_SIGN_STYLE = Automatic;
				DEVELOPMENT_TEAM = 4GAM7Z3CPE;
				INFOPLIST_FILE = Flix/Info.plist;
				LD_RUNPATH_SEARCH_PATHS = (
					"$(inherited)",
					"@executable_path/Frameworks",
				);
				PRODUCT_BUNDLE_IDENTIFIER = com.codepath.Flix;
				PRODUCT_NAME = "$(TARGET_NAME)";
				SWIFT_VERSION = 5.0;
				TARGETED_DEVICE_FAMILY = "1,2";
			};
			name = Release;
		};
		522A8224251DDE5E0087BEE4 /* Debug */ = {
			isa = XCBuildConfiguration;
			buildSettings = {
				ALWAYS_EMBED_SWIFT_STANDARD_LIBRARIES = YES;
				BUNDLE_LOADER = "$(TEST_HOST)";
				CODE_SIGN_STYLE = Automatic;
				DEVELOPMENT_TEAM = 4GAM7Z3CPE;
				INFOPLIST_FILE = FlixTests/Info.plist;
				IPHONEOS_DEPLOYMENT_TARGET = 14.0;
				LD_RUNPATH_SEARCH_PATHS = (
					"$(inherited)",
					"@executable_path/Frameworks",
					"@loader_path/Frameworks",
				);
				PRODUCT_BUNDLE_IDENTIFIER = com.codepath.FlixTests;
				PRODUCT_NAME = "$(TARGET_NAME)";
				SWIFT_VERSION = 5.0;
				TARGETED_DEVICE_FAMILY = "1,2";
				TEST_HOST = "$(BUILT_PRODUCTS_DIR)/Flix.app/Flix";
			};
			name = Debug;
		};
		522A8225251DDE5E0087BEE4 /* Release */ = {
			isa = XCBuildConfiguration;
			buildSettings = {
				ALWAYS_EMBED_SWIFT_STANDARD_LIBRARIES = YES;
				BUNDLE_LOADER = "$(TEST_HOST)";
				CODE_SIGN_STYLE = Automatic;
				DEVELOPMENT_TEAM = 4GAM7Z3CPE;
				INFOPLIST_FILE = FlixTests/Info.plist;
				IPHONEOS_DEPLOYMENT_TARGET = 14.0;
				LD_RUNPATH_SEARCH_PATHS = (
					"$(inherited)",
					"@executable_path/Frameworks",
					"@loader_path/Frameworks",
				);
				PRODUCT_BUNDLE_IDENTIFIER = com.codepath.FlixTests;
				PRODUCT_NAME = "$(TARGET_NAME)";
				SWIFT_VERSION = 5.0;
				TARGETED_DEVICE_FAMILY = "1,2";
				TEST_HOST = "$(BUILT_PRODUCTS_DIR)/Flix.app/Flix";
			};
			name = Release;
		};
		522A8227251DDE5E0087BEE4 /* Debug */ = {
			isa = XCBuildConfiguration;
			buildSettings = {
				ALWAYS_EMBED_SWIFT_STANDARD_LIBRARIES = YES;
				CODE_SIGN_STYLE = Automatic;
				DEVELOPMENT_TEAM = 4GAM7Z3CPE;
				INFOPLIST_FILE = FlixUITests/Info.plist;
				LD_RUNPATH_SEARCH_PATHS = (
					"$(inherited)",
					"@executable_path/Frameworks",
					"@loader_path/Frameworks",
				);
				PRODUCT_BUNDLE_IDENTIFIER = com.codepath.FlixUITests;
				PRODUCT_NAME = "$(TARGET_NAME)";
				SWIFT_VERSION = 5.0;
				TARGETED_DEVICE_FAMILY = "1,2";
				TEST_TARGET_NAME = Flix;
			};
			name = Debug;
		};
		522A8228251DDE5E0087BEE4 /* Release */ = {
			isa = XCBuildConfiguration;
			buildSettings = {
				ALWAYS_EMBED_SWIFT_STANDARD_LIBRARIES = YES;
				CODE_SIGN_STYLE = Automatic;
				DEVELOPMENT_TEAM = 4GAM7Z3CPE;
				INFOPLIST_FILE = FlixUITests/Info.plist;
				LD_RUNPATH_SEARCH_PATHS = (
					"$(inherited)",
					"@executable_path/Frameworks",
					"@loader_path/Frameworks",
				);
				PRODUCT_BUNDLE_IDENTIFIER = com.codepath.FlixUITests;
				PRODUCT_NAME = "$(TARGET_NAME)";
				SWIFT_VERSION = 5.0;
				TARGETED_DEVICE_FAMILY = "1,2";
				TEST_TARGET_NAME = Flix;
			};
			name = Release;
		};
/* End XCBuildConfiguration section */

/* Begin XCConfigurationList section */
		522A81F1251DDE5A0087BEE4 /* Build configuration list for PBXProject "Flix" */ = {
			isa = XCConfigurationList;
			buildConfigurations = (
				522A821E251DDE5E0087BEE4 /* Debug */,
				522A821F251DDE5E0087BEE4 /* Release */,
			);
			defaultConfigurationIsVisible = 0;
			defaultConfigurationName = Release;
		};
		522A8220251DDE5E0087BEE4 /* Build configuration list for PBXNativeTarget "Flix" */ = {
			isa = XCConfigurationList;
			buildConfigurations = (
				522A8221251DDE5E0087BEE4 /* Debug */,
				522A8222251DDE5E0087BEE4 /* Release */,
			);
			defaultConfigurationIsVisible = 0;
			defaultConfigurationName = Release;
		};
		522A8223251DDE5E0087BEE4 /* Build configuration list for PBXNativeTarget "FlixTests" */ = {
			isa = XCConfigurationList;
			buildConfigurations = (
				522A8224251DDE5E0087BEE4 /* Debug */,
				522A8225251DDE5E0087BEE4 /* Release */,
			);
			defaultConfigurationIsVisible = 0;
			defaultConfigurationName = Release;
		};
		522A8226251DDE5E0087BEE4 /* Build configuration list for PBXNativeTarget "FlixUITests" */ = {
			isa = XCConfigurationList;
			buildConfigurations = (
				522A8227251DDE5E0087BEE4 /* Debug */,
				522A8228251DDE5E0087BEE4 /* Release */,
			);
			defaultConfigurationIsVisible = 0;
			defaultConfigurationName = Release;
		};
/* End XCConfigurationList section */
	};
	rootObject = 522A81EE251DDE5A0087BEE4 /* Project object */;
}
